{
  "name": "electron-file-converter",
  "version": "1.0.0",
  "lockfileVersion": 2,
  "requires": true,
  "dependencies": {
    "@electron/internal-common": {
      "version": "13.1.7",
      "resolved": "https://registry.npmjs.org/electron/-/electron-13.1.7.tgz",
      "integrity": "<integrity-hash>",
      "dev": true,
      "requires": {
        "@electron/get": "^1.9.0",
        "@electron/internal-common": "^13.1.7",
        "electron-to-chromium": "^1.4.1"
      }
    },
    "@electron/get": {
      "version": "1.9.0",
      "resolved": "https://registry.npmjs.org/@electron/get/-/get-1.9.0.tgz",
      "integrity": "<integrity-hash>",
      "dev": true,
      "requires": {
        "debug": "^3.1.0",
        "is-plain-obj": "^1.1.0",
        "pinkie-promise": "^2.0.1"
      }
    },
    "debug": {
      "version": "4.3.2",
      "resolved": "https://registry.npmjs.org/debug/-/debug-4.3.2.tgz",
      "integrity": "<integrity-hash>",
      "dev": true,
      "requires": {
        "ms": "^2.1.1"
      }
    },
    "is-plain-obj": {
      "version": "1.1.0",
      "resolved": "https://registry.npmjs.org/is-plain-obj/-/is-plain-obj-1.1.0.tgz",
      "integrity": "<integrity-hash>",
      "dev": true
    },
    "ms": {
      "version": "2.1.2",
      "resolved": "https://registry.npmjs.org/ms/-/ms-2.1.2.tgz",
      "integrity": "<integrity-hash>",
      "dev": true
    },
    "pinkie-promise": {
      "version": "2.0.1",
      "resolved": "https://registry.npmjs.org/pinkie-promise/-/pinkie-promise-2.0.1.tgz",
      "integrity": "<integrity-hash>",
      "dev": true,
      "requires": {
        "pinkie": "^2.0.0"
      }
    },
    "pinkie": {
      "version": "2.0.4",
      "resolved": "https://registry.npmjs.org/pinkie/-/pinkie-2.0.4.tgz",
      "integrity": "<integrity-hash>",
      "dev": true
    },
    "electron-to-chromium": {
      "version": "1.4.1",
      "resolved": "https://registry.npmjs.org/electron-to-chromium/-/electron-to-chromium-1.4.1.tgz",
      "integrity": "<integrity-hash>",
      "dev": true
    }
  }
}
